
Microsoft Visual Studio Solution File, Format Version 12.00
# Visual Studio 15
VisualStudioVersion = 15.0.27004.2002
MinimumVisualStudioVersion = 10.0.40219.1
Project("{FAE04EC0-301F-11D3-BF4B-00C04F79EFBC}") = "HelloWorld", "HelloWorld\HelloWorld.csproj", "{34B01F55-BA58-4936-99D7-758EFA24D5D3}"
EndProject
Project("{FAE04EC0-301F-11D3-BF4B-00C04F79EFBC}") = "WelcomeMessage", "WelcomeMessage\WelcomeMessage.csproj", "{116E7F6C-7740-4589-BBA7-6A780FD0B007}"
EndProject
Project("{FAE04EC0-301F-11D3-BF4B-00C04F79EFBC}") = "Numberfun", "Numberfun\Numberfun.csproj", "{CCEE0DF7-C580-4C3C-AFF0-568CCD9ACFC7}"
EndProject
Project("{FAE04EC0-301F-11D3-BF4B-00C04F79EFBC}") = "PickADoor", "PickADoor\PickADoor.csproj", "{E563EE4E-3D1E-47E1-BFE2-67445FE64761}"
EndProject
Project("{FAE04EC0-301F-11D3-BF4B-00C04F79EFBC}") = "AgeProgram", "AgeProgram\AgeProgram.csproj", "{70648A96-554B-467B-88AF-747C6A9D4708}"
EndProject
Project("{FAE04EC0-301F-11D3-BF4B-00C04F79EFBC}") = "GuessMyNumber", "GuessMyNumber\GuessMyNumber.csproj", "{C6C6FFEE-658E-4F4D-9BA3-49066742F609}"
EndProject
Project("{FAE04EC0-301F-11D3-BF4B-00C04F79EFBC}") = "Loops", "Loops\Loops.csproj", "{95E4D772-36DC-452E-9F5B-883D5632E3C2}"
EndProject
Project("{FAE04EC0-301F-11D3-BF4B-00C04F79EFBC}") = "RockPaperScissors", "RockPaperScissors\RockPaperScissors.csproj", "{A9A245F8-88F9-4770-934E-248D3833C214}"
EndProject
Project("{FAE04EC0-301F-11D3-BF4B-00C04F79EFBC}") = "Magic8Ball", "Magic8Ball\Magic8Ball.csproj", "{050CC586-B6C7-447D-979D-511C5A7ADEA4}"
EndProject
Global
	GlobalSection(SolutionConfigurationPlatforms) = preSolution
		Debug|Any CPU = Debug|Any CPU
		Release|Any CPU = Release|Any CPU
	EndGlobalSection
	GlobalSection(ProjectConfigurationPlatforms) = postSolution
		{34B01F55-BA58-4936-99D7-758EFA24D5D3}.Debug|Any CPU.ActiveCfg = Debug|Any CPU
		{34B01F55-BA58-4936-99D7-758EFA24D5D3}.Debug|Any CPU.Build.0 = Debug|Any CPU
		{34B01F55-BA58-4936-99D7-758EFA24D5D3}.Release|Any CPU.ActiveCfg = Release|Any CPU
		{34B01F55-BA58-4936-99D7-758EFA24D5D3}.Release|Any CPU.Build.0 = Release|Any CPU
		{116E7F6C-7740-4589-BBA7-6A780FD0B007}.Debug|Any CPU.ActiveCfg = Debug|Any CPU
		{116E7F6C-7740-4589-BBA7-6A780FD0B007}.Debug|Any CPU.Build.0 = Debug|Any CPU
		{116E7F6C-7740-4589-BBA7-6A780FD0B007}.Release|Any CPU.ActiveCfg = Release|Any CPU
		{116E7F6C-7740-4589-BBA7-6A780FD0B007}.Release|Any CPU.Build.0 = Release|Any CPU
		{CCEE0DF7-C580-4C3C-AFF0-568CCD9ACFC7}.Debug|Any CPU.ActiveCfg = Debug|Any CPU
		{CCEE0DF7-C580-4C3C-AFF0-568CCD9ACFC7}.Debug|Any CPU.Build.0 = Debug|Any CPU
		{CCEE0DF7-C580-4C3C-AFF0-568CCD9ACFC7}.Release|Any CPU.ActiveCfg = Release|Any CPU
		{CCEE0DF7-C580-4C3C-AFF0-568CCD9ACFC7}.Release|Any CPU.Build.0 = Release|Any CPU
		{E563EE4E-3D1E-47E1-BFE2-67445FE64761}.Debug|Any CPU.ActiveCfg = Debug|Any CPU
		{E563EE4E-3D1E-47E1-BFE2-67445FE64761}.Debug|Any CPU.Build.0 = Debug|Any CPU
		{E563EE4E-3D1E-47E1-BFE2-67445FE64761}.Release|Any CPU.ActiveCfg = Release|Any CPU
		{E563EE4E-3D1E-47E1-BFE2-67445FE64761}.Release|Any CPU.Build.0 = Release|Any CPU
		{70648A96-554B-467B-88AF-747C6A9D4708}.Debug|Any CPU.ActiveCfg = Debug|Any CPU
		{70648A96-554B-467B-88AF-747C6A9D4708}.Debug|Any CPU.Build.0 = Debug|Any CPU
		{70648A96-554B-467B-88AF-747C6A9D4708}.Release|Any CPU.ActiveCfg = Release|Any CPU
		{70648A96-554B-467B-88AF-747C6A9D4708}.Release|Any CPU.Build.0 = Release|Any CPU
		{C6C6FFEE-658E-4F4D-9BA3-49066742F609}.Debug|Any CPU.ActiveCfg = Debug|Any CPU
		{C6C6FFEE-658E-4F4D-9BA3-49066742F609}.Debug|Any CPU.Build.0 = Debug|Any CPU
		{C6C6FFEE-658E-4F4D-9BA3-49066742F609}.Release|Any CPU.ActiveCfg = Release|Any CPU
		{C6C6FFEE-658E-4F4D-9BA3-49066742F609}.Release|Any CPU.Build.0 = Release|Any CPU
		{95E4D772-36DC-452E-9F5B-883D5632E3C2}.Debug|Any CPU.ActiveCfg = Debug|Any CPU
		{95E4D772-36DC-452E-9F5B-883D5632E3C2}.Debug|Any CPU.Build.0 = Debug|Any CPU
		{95E4D772-36DC-452E-9F5B-883D5632E3C2}.Release|Any CPU.ActiveCfg = Release|Any CPU
		{95E4D772-36DC-452E-9F5B-883D5632E3C2}.Release|Any CPU.Build.0 = Release|Any CPU
		{A9A245F8-88F9-4770-934E-248D3833C214}.Debug|Any CPU.ActiveCfg = Debug|Any CPU
		{A9A245F8-88F9-4770-934E-248D3833C214}.Debug|Any CPU.Build.0 = Debug|Any CPU
		{A9A245F8-88F9-4770-934E-248D3833C214}.Release|Any CPU.ActiveCfg = Release|Any CPU
		{A9A245F8-88F9-4770-934E-248D3833C214}.Release|Any CPU.Build.0 = Release|Any CPU
		{050CC586-B6C7-447D-979D-511C5A7ADEA4}.Debug|Any CPU.ActiveCfg = Debug|Any CPU
		{050CC586-B6C7-447D-979D-511C5A7ADEA4}.Debug|Any CPU.Build.0 = Debug|Any CPU
		{050CC586-B6C7-447D-979D-511C5A7ADEA4}.Release|Any CPU.ActiveCfg = Release|Any CPU
		{050CC586-B6C7-447D-979D-511C5A7ADEA4}.Release|Any CPU.Build.0 = Release|Any CPU
	EndGlobalSection
	GlobalSection(SolutionProperties) = preSolution
		HideSolutionNode = FALSE
	EndGlobalSection
	GlobalSection(ExtensibilityGlobals) = postSolution
		SolutionGuid = {023B24FB-EFD3-4CCC-8B2F-0FA56D23BDC8}
	EndGlobalSection
EndGlobal
